// !$*UTF8*$!
{
	archiveVersion = 1;
	classes = {
	};
	objectVersion = 46;
	objects = {

/* Begin PBXBuildFile section */
		17864CB31BB191F300A6242E /* main.m in Sources */ = {isa = PBXBuildFile; fileRef = 17864CB21BB191F300A6242E /* main.m */; };
		17864CB61BB191F300A6242E /* AppDelegate.m in Sources */ = {isa = PBXBuildFile; fileRef = 17864CB51BB191F300A6242E /* AppDelegate.m */; };
		17864CB91BB191F300A6242E /* MasterViewController.m in Sources */ = {isa = PBXBuildFile; fileRef = 17864CB81BB191F300A6242E /* MasterViewController.m */; };
		17864CBC1BB191F300A6242E /* DetailViewController.m in Sources */ = {isa = PBXBuildFile; fileRef = 17864CBB1BB191F300A6242E /* DetailViewController.m */; };
		17864CBF1BB191F300A6242E /* Main.storyboard in Resources */ = {isa = PBXBuildFile; fileRef = 17864CBD1BB191F300A6242E /* Main.storyboard */; };
		17864CC11BB191F300A6242E /* Images.xcassets in Resources */ = {isa = PBXBuildFile; fileRef = 17864CC01BB191F300A6242E /* Images.xcassets */; };
		17864CC41BB191F300A6242E /* LaunchScreen.xib in Resources */ = {isa = PBXBuildFile; fileRef = 17864CC21BB191F300A6242E /* LaunchScreen.xib */; };
		17864CD01BB191F300A6242E /* ch_11_1_Using_Image_ViewsTests.m in Sources */ = {isa = PBXBuildFile; fileRef = 17864CCF1BB191F300A6242E /* ch_11_1_Using_Image_ViewsTests.m */; };
/* End PBXBuildFile section */

/* Begin PBXContainerItemProxy section */
		17864CCA1BB191F300A6242E /* PBXContainerItemProxy */ = {
			isa = PBXContainerItemProxy;
			containerPortal = 17864CA51BB191F300A6242E /* Project object */;
			proxyType = 1;
			remoteGlobalIDString = 17864CAC1BB191F300A6242E;
			remoteInfo = "ch-11-1 Using Image Views";
		};
/* End PBXContainerItemProxy section */

/* Begin PBXFileReference section */
		17864CAD1BB191F300A6242E /* ch-11-1 Using Image Views.app */ = {isa = PBXFileReference; explicitFileType = wrapper.application; includeInIndex = 0; path = "ch-11-1 Using Image Views.app"; sourceTree = BUILT_PRODUCTS_DIR; };
		17864CB11BB191F300A6242E /* Info.plist */ = {isa = PBXFileReference; lastKnownFileType = text.plist.xml; path = Info.plist; sourceTree = "<group>"; };
		17864CB21BB191F300A6242E /* main.m */ = {isa = PBXFileReference; lastKnownFileType = sourcecode.c.objc; path = main.m; sourceTree = "<group>"; };
		17864CB41BB191F300A6242E /* AppDelegate.h */ = {isa = PBXFileReference; lastKnownFileType = sourcecode.c.h; path = AppDelegate.h; sourceTree = "<group>"; };
		17864CB51BB191F300A6242E /* AppDelegate.m */ = {isa = PBXFileReference; lastKnownFileType = sourcecode.c.objc; path = AppDelegate.m; sourceTree = "<group>"; };
		17864CB71BB191F300A6242E /* MasterViewController.h */ = {isa = PBXFileReference; lastKnownFileType = sourcecode.c.h; path = MasterViewController.h; sourceTree = "<group>"; };
		17864CB81BB191F300A6242E /* MasterViewController.m */ = {isa = PBXFileReference; lastKnownFileType = sourcecode.c.objc; path = MasterViewController.m; sourceTree = "<group>"; };
		17864CBA1BB191F300A6242E /* DetailViewController.h */ = {isa = PBXFileReference; lastKnownFileType = sourcecode.c.h; path = DetailViewController.h; sourceTree = "<group>"; };
		17864CBB1BB191F300A6242E /* DetailViewController.m */ = {isa = PBXFileReference; lastKnownFileType = sourcecode.c.objc; path = DetailViewController.m; sourceTree = "<group>"; };
		17864CBE1BB191F300A6242E /* Base */ = {isa = PBXFileReference; lastKnownFileType = file.storyboard; name = Base; path = Base.lproj/Main.storyboard; sourceTree = "<group>"; };
		17864CC01BB191F300A6242E /* Images.xcassets */ = {isa = PBXFileReference; lastKnownFileType = folder.assetcatalog; path = Images.xcassets; sourceTree = "<group>"; };
		17864CC31BB191F300A6242E /* Base */ = {isa = PBXFileReference; lastKnownFileType = file.xib; name = Base; path = Base.lproj/LaunchScreen.xib; sourceTree = "<group>"; };
		17864CC91BB191F300A6242E /* ch-11-1 Using Image ViewsTests.xctest */ = {isa = PBXFileReference; explicitFileType = wrapper.cfbundle; includeInIndex = 0; path = "ch-11-1 Using Image ViewsTests.xctest"; sourceTree = BUILT_PRODUCTS_DIR; };
		17864CCE1BB191F300A6242E /* Info.plist */ = {isa = PBXFileReference; lastKnownFileType = text.plist.xml; path = Info.plist; sourceTree = "<group>"; };
		17864CCF1BB191F300A6242E /* ch_11_1_Using_Image_ViewsTests.m */ = {isa = PBXFileReference; lastKnownFileType = sourcecode.c.objc; path = ch_11_1_Using_Image_ViewsTests.m; sourceTree = "<group>"; };
/* End PBXFileReference section */

/* Begin PBXFrameworksBuildPhase section */
		17864CAA1BB191F300A6242E /* Frameworks */ = {
			isa = PBXFrameworksBuildPhase;
			buildActionMask = 2147483647;
			files = (
			);
			runOnlyForDeploymentPostprocessing = 0;
		};
		17864CC61BB191F300A6242E /* Frameworks */ = {
			isa = PBXFrameworksBuildPhase;
			buildActionMask = 2147483647;
			files = (
			);
			runOnlyForDeploymentPostprocessing = 0;
		};
/* End PBXFrameworksBuildPhase section */

/* Begin PBXGroup section */
		17864CA41BB191F300A6242E = {
			isa = PBXGroup;
			children = (
				17864CAF1BB191F300A6242E /* ch-11-1 Using Image Views */,
				17864CCC1BB191F300A6242E /* ch-11-1 Using Image ViewsTests */,
				17864CAE1BB191F300A6242E /* Products */,
			);
			sourceTree = "<group>";
		};
		17864CAE1BB191F300A6242E /* Products */ = {
			isa = PBXGroup;
			children = (
				17864CAD1BB191F300A6242E /* ch-11-1 Using Image Views.app */,
				17864CC91BB191F300A6242E /* ch-11-1 Using Image ViewsTests.xctest */,
			);
			name = Products;
			sourceTree = "<group>";
		};
		17864CAF1BB191F300A6242E /* ch-11-1 Using Image Views */ = {
			isa = PBXGroup;
			children = (
				17864CB41BB191F300A6242E /* AppDelegate.h */,
				17864CB51BB191F300A6242E /* AppDelegate.m */,
				17864CB71BB191F300A6242E /* MasterViewController.h */,
				17864CB81BB191F300A6242E /* MasterViewController.m */,
				17864CBA1BB191F300A6242E /* DetailViewController.h */,
				17864CBB1BB191F300A6242E /* DetailViewController.m */,
				17864CBD1BB191F300A6242E /* Main.storyboard */,
				17864CC01BB191F300A6242E /* Images.xcassets */,
				17864CC21BB191F300A6242E /* LaunchScreen.xib */,
				17864CB01BB191F300A6242E /* Supporting Files */,
			);
			path = "ch-11-1 Using Image Views";
			sourceTree = "<group>";
		};
		17864CB01BB191F300A6242E /* Supporting Files */ = {
			isa = PBXGroup;
			children = (
				17864CB11BB191F300A6242E /* Info.plist */,
				17864CB21BB191F300A6242E /* main.m */,
			);
			name = "Supporting Files";
			sourceTree = "<group>";
		};
		17864CCC1BB191F300A6242E /* ch-11-1 Using Image ViewsTests */ = {
			isa = PBXGroup;
			children = (
				17864CCF1BB191F300A6242E /* ch_11_1_Using_Image_ViewsTests.m */,
				17864CCD1BB191F300A6242E /* Supporting Files */,
			);
			path = "ch-11-1 Using Image ViewsTests";
			sourceTree = "<group>";
		};
		17864CCD1BB191F300A6242E /* Supporting Files */ = {
			isa = PBXGroup;
			children = (
				17864CCE1BB191F300A6242E /* Info.plist */,
			);
			name = "Supporting Files";
			sourceTree = "<group>";
		};
/* End PBXGroup section */

/* Begin PBXNativeTarget section */
		17864CAC1BB191F300A6242E /* ch-11-1 Using Image Views */ = {
			isa = PBXNativeTarget;
			buildConfigurationList = 17864CD31BB191F300A6242E /* Build configuration list for PBXNativeTarget "ch-11-1 Using Image Views" */;
			buildPhases = (
				17864CA91BB191F300A6242E /* Sources */,
				17864CAA1BB191F300A6242E /* Frameworks */,
				17864CAB1BB191F300A6242E /* Resources */,
			);
			buildRules = (
			);
			dependencies = (
			);
			name = "ch-11-1 Using Image Views";
			productName = "ch-11-1 Using Image Views";
			productReference = 17864CAD1BB191F300A6242E /* ch-11-1 Using Image Views.app */;
			productType = "com.apple.product-type.application";
		};
		17864CC81BB191F300A6242E /* ch-11-1 Using Image ViewsTests */ = {
			isa = PBXNativeTarget;
			buildConfigurationList = 17864CD61BB191F300A6242E /* Build configuration list for PBXNativeTarget "ch-11-1 Using Image ViewsTests" */;
			buildPhases = (
				17864CC51BB191F300A6242E /* Sources */,
				17864CC61BB191F300A6242E /* Frameworks */,
				17864CC71BB191F300A6242E /* Resources */,
			);
			buildRules = (
			);
			dependencies = (
				17864CCB1BB191F300A6242E /* PBXTargetDependency */,
			);
			name = "ch-11-1 Using Image ViewsTests";
			productName = "ch-11-1 Using Image ViewsTests";
			productReference = 17864CC91BB191F300A6242E /* ch-11-1 Using Image ViewsTests.xctest */;
			productType = "com.apple.product-type.bundle.unit-test";
		};
/* End PBXNativeTarget section */

/* Begin PBXProject section */
		17864CA51BB191F300A6242E /* Project object */ = {
			isa = PBXProject;
			attributes = {
				LastUpgradeCheck = 0640;
				ORGANIZATIONNAME = "Alex Izotov";
				TargetAttributes = {
					17864CAC1BB191F300A6242E = {
						CreatedOnToolsVersion = 6.4;
					};
					17864CC81BB191F300A6242E = {
						CreatedOnToolsVersion = 6.4;
						TestTargetID = 17864CAC1BB191F300A6242E;
					};
				};
			};
			buildConfigurationList = 17864CA81BB191F300A6242E /* Build configuration list for PBXProject "ch-11-1 Using Image Views" */;
			compatibilityVersion = "Xcode 3.2";
			developmentRegion = English;
			hasScannedForEncodings = 0;
			knownRegions = (
				en,
				Base,
			);
			mainGroup = 17864CA41BB191F300A6242E;
			productRefGroup = 17864CAE1BB191F300A6242E /* Products */;
			projectDirPath = "";
			projectRoot = "";
			targets = (
				17864CAC1BB191F300A6242E /* ch-11-1 Using Image Views */,
				17864CC81BB191F300A6242E /* ch-11-1 Using Image ViewsTests */,
			);
		};
/* End PBXProject section */

/* Begin PBXResourcesBuildPhase section */
		17864CAB1BB191F300A6242E /* Resources */ = {
			isa = PBXResourcesBuildPhase;
			buildActionMask = 2147483647;
			files = (
				17864CBF1BB191F300A6242E /* Main.storyboard in Resources */,
				17864CC41BB191F300A6242E /* LaunchScreen.xib in Resources */,
				17864CC11BB191F300A6242E /* Images.xcassets in Resources */,
			);
			runOnlyForDeploymentPostprocessing = 0;
		};
		17864CC71BB191F300A6242E /* Resources */ = {
			isa = PBXResourcesBuildPhase;
			buildActionMask = 2147483647;
			files = (
			);
			runOnlyForDeploymentPostprocessing = 0;
		};
/* End PBXResourcesBuildPhase section */

/* Begin PBXSourcesBuildPhase section */
		17864CA91BB191F300A6242E /* Sources */ = {
			isa = PBXSourcesBuildPhase;
			buildActionMask = 2147483647;
			files = (
				17864CB61BB191F300A6242E /* AppDelegate.m in Sources */,
				17864CB91BB191F300A6242E /* MasterViewController.m in Sources */,
				17864CB31BB191F300A6242E /* main.m in Sources */,
				17864CBC1BB191F300A6242E /* DetailViewController.m in Sources */,
			);
			runOnlyForDeploymentPostprocessing = 0;
		};
		17864CC51BB191F300A6242E /* Sources */ = {
			isa = PBXSourcesBuildPhase;
			buildActionMask = 2147483647;
			files = (
				17864CD01BB191F300A6242E /* ch_11_1_Using_Image_ViewsTests.m in Sources */,
			);
			runOnlyForDeploymentPostprocessing = 0;
		};
/* End PBXSourcesBuildPhase section */

/* Begin PBXTargetDependency section */
		17864CCB1BB191F300A6242E /* PBXTargetDependency */ = {
			isa = PBXTargetDependency;
			target = 17864CAC1BB191F300A6242E /* ch-11-1 Using Image Views */;
			targetProxy = 17864CCA1BB191F300A6242E /* PBXContainerItemProxy */;
		};
/* End PBXTargetDependency section */

/* Begin PBXVariantGroup section */
		17864CBD1BB191F300A6242E /* Main.storyboard */ = {
			isa = PBXVariantGroup;
			children = (
				17864CBE1BB191F300A6242E /* Base */,
			);
			name = Main.storyboard;
			sourceTree = "<group>";
		};
		17864CC21BB191F300A6242E /* LaunchScreen.xib */ = {
			isa = PBXVariantGroup;
			children = (
				17864CC31BB191F300A6242E /* Base */,
			);
			name = LaunchScreen.xib;
			sourceTree = "<group>";
		};
/* End PBXVariantGroup section */

/* Begin XCBuildConfiguration section */
		17864CD11BB191F300A6242E /* Debug */ = {
			isa = XCBuildConfiguration;
			buildSettings = {
				ALWAYS_SEARCH_USER_PATHS = NO;
				CLANG_CXX_LANGUAGE_STANDARD = "gnu++0x";
				CLANG_CXX_LIBRARY = "libc++";
				CLANG_ENABLE_MODULES = YES;
				CLANG_ENABLE_OBJC_ARC = YES;
				CLANG_WARN_BOOL_CONVERSION = YES;
				CLANG_WARN_CONSTANT_CONVERSION = YES;
				CLANG_WARN_DIRECT_OBJC_ISA_USAGE = YES_ERROR;
				CLANG_WARN_EMPTY_BODY = YES;
				CLANG_WARN_ENUM_CONVERSION = YES;
				CLANG_WARN_INT_CONVERSION = YES;
				CLANG_WARN_OBJC_ROOT_CLASS = YES_ERROR;
				CLANG_WARN_UNREACHABLE_CODE = YES;
				CLANG_WARN__DUPLICATE_METHOD_MATCH = YES;
				"CODE_SIGN_IDENTITY[sdk=iphoneos*]" = "iPhone Developer";
				COPY_PHASE_STRIP = NO;
				DEBUG_INFORMATION_FORMAT = "dwarf-with-dsym";
				ENABLE_STRICT_OBJC_MSGSEND = YES;
				GCC_C_LANGUAGE_STANDARD = gnu99;
				GCC_DYNAMIC_NO_PIC = NO;
				GCC_NO_COMMON_BLOCKS = YES;
				GCC_OPTIMIZATION_LEVEL = 0;
				GCC_PREPROCESSOR_DEFINITIONS = (
					"DEBUG=1",
					"$(inherited)",
				);
				GCC_SYMBOLS_PRIVATE_EXTERN = NO;
				GCC_WARN_64_TO_32_BIT_CONVERSION = YES;
				GCC_WARN_ABOUT_RETURN_TYPE = YES_ERROR;
				GCC_WARN_UNDECLARED_SELECTOR = YES;
				GCC_WARN_UNINITIALIZED_AUTOS = YES_AGGRESSIVE;
				GCC_WARN_UNUSED_FUNCTION = YES;
				GCC_WARN_UNUSED_VARIABLE = YES;
				IPHONEOS_DEPLOYMENT_TARGET = 8.4;
				MTL_ENABLE_DEBUG_INFO = YES;
				ONLY_ACTIVE_ARCH = YES;
				SDKROOT = iphoneos;
				TARGETED_DEVICE_FAMILY = 2;
			};
			name = Debug;
		};
		17864CD21BB191F300A6242E /* Release */ = {
			isa = XCBuildConfiguration;
			buildSettings = {
				ALWAYS_SEARCH_USER_PATHS = NO;
				CLANG_CXX_LANGUAGE_STANDARD = "gnu++0x";
				CLANG_CXX_LIBRARY = "libc++";
				CLANG_ENABLE_MODULES = YES;
				CLANG_ENABLE_OBJC_ARC = YES;
				CLANG_WARN_BOOL_CONVERSION = YES;
				CLANG_WARN_CONSTANT_CONVERSION = YES;
				CLANG_WARN_DIRECT_OBJC_ISA_USAGE = YES_ERROR;
				CLANG_WARN_EMPTY_BODY = YES;
				CLANG_WARN_ENUM_CONVERSION = YES;
				CLANG_WARN_INT_CONVERSION = YES;
				CLANG_WARN_OBJC_ROOT_CLASS = YES_ERROR;
				CLANG_WARN_UNREACHABLE_CODE = YES;
				CLANG_WARN__DUPLICATE_METHOD_MATCH = YES;
				"CODE_SIGN_IDENTITY[sdk=iphoneos*]" = "iPhone Developer";
				COPY_PHASE_STRIP = NO;
				DEBUG_INFORMATION_FORMAT = "dwarf-with-dsym";
				ENABLE_NS_ASSERTIONS = NO;
				ENABLE_STRICT_OBJC_MSGSEND = YES;
				GCC_C_LANGUAGE_STANDARD = gnu99;
				GCC_NO_COMMON_BLOCKS = YES;
				GCC_WARN_64_TO_32_BIT_CONVERSION = YES;
				GCC_WARN_ABOUT_RETURN_TYPE = YES_ERROR;
				GCC_WARN_UNDECLARED_SELECTOR = YES;
				GCC_WARN_UNINITIALIZED_AUTOS = YES_AGGRESSIVE;
				GCC_WARN_UNUSED_FUNCTION = YES;
				GCC_WARN_UNUSED_VARIABLE = YES;
				IPHONEOS_DEPLOYMENT_TARGET = 8.4;
				MTL_ENABLE_DEBUG_INFO = NO;
				SDKROOT = iphoneos;
				TARGETED_DEVICE_FAMILY = 2;
				VALIDATE_PRODUCT = YES;
			};
			name = Release;
		};
		17864CD41BB191F300A6242E /* Debug */ = {
			isa = XCBuildConfiguration;
			buildSettings = {
				ASSETCATALOG_COMPILER_APPICON_NAME = AppIcon;
				INFOPLIST_FILE = "ch-11-1 Using Image Views/Info.plist";
				LD_RUNPATH_SEARCH_PATHS = "$(inherited) @executable_path/Frameworks";
				PRODUCT_NAME = "$(TARGET_NAME)";
			};
			name = Debug;
		};
		17864CD51BB191F300A6242E /* Release */ = {
			isa = XCBuildConfiguration;
			buildSettings = {
				ASSETCATALOG_COMPILER_APPICON_NAME = AppIcon;
				INFOPLIST_FILE = "ch-11-1 Using Image Views/Info.plist";
				LD_RUNPATH_SEARCH_PATHS = "$(inherited) @executable_path/Frameworks";
				PRODUCT_NAME = "$(TARGET_NAME)";
			};
			name = Release;
		};
		17864CD71BB191F300A6242E /* Debug */ = {
			isa = XCBuildConfiguration;
			buildSettings = {
				BUNDLE_LOADER = "$(TEST_HOST)";
				FRAMEWORK_SEARCH_PATHS = (
					"$(SDKROOT)/Developer/Library/Frameworks",
					"$(inherited)",
				);
				GCC_PREPROCESSOR_DEFINITIONS = (
					"DEBUG=1",
					"$(inherited)",
				);
				INFOPLIST_FILE = "ch-11-1 Using Image ViewsTests/Info.plist";
				LD_RUNPATH_SEARCH_PATHS = "$(inherited) @executable_path/Frameworks @loader_path/Frameworks";
				PRODUCT_NAME = "$(TARGET_NAME)";
				TEST_HOST = "$(BUILT_PRODUCTS_DIR)/ch-11-1 Using Image Views.app/ch-11-1 Using Image Views";
			};
			name = Debug;
		};
		17864CD81BB191F300A6242E /* Release */ = {
			isa = XCBuildConfiguration;
			buildSettings = {
				BUNDLE_LOADER = "$(TEST_HOST)";
				FRAMEWORK_SEARCH_PATHS = (
					"$(SDKROOT)/Developer/Library/Frameworks",
					"$(inherited)",
				);
				INFOPLIST_FILE = "ch-11-1 Using Image ViewsTests/Info.plist";
				LD_RUNPATH_SEARCH_PATHS = "$(inherited) @executable_path/Frameworks @loader_path/Frameworks";
				PRODUCT_NAME = "$(TARGET_NAME)";
				TEST_HOST = "$(BUILT_PRODUCTS_DIR)/ch-11-1 Using Image Views.app/ch-11-1 Using Image Views";
			};
			name = Release;
		};
/* End XCBuildConfiguration section */

/* Begin XCConfigurationList section */
		17864CA81BB191F300A6242E /* Build configuration list for PBXProject "ch-11-1 Using Image Views" */ = {
			isa = XCConfigurationList;
			buildConfigurations = (
				17864CD11BB191F300A6242E /* Debug */,
				17864CD21BB191F300A6242E /* Release */,
			);
			defaultConfigurationIsVisible = 0;
			defaultConfigurationName = Release;
		};
		17864CD31BB191F300A6242E /* Build configuration list for PBXNativeTarget "ch-11-1 Using Image Views" */ = {
			isa = XCConfigurationList;
			buildConfigurations = (
				17864CD41BB191F300A6242E /* Debug */,
				17864CD51BB191F300A6242E /* Release */,
			);
			defaultConfigurationIsVisible = 0;
		};
		17864CD61BB191F300A6242E /* Build configuration list for PBXNativeTarget "ch-11-1 Using Image ViewsTests" */ = {
			isa = XCConfigurationList;
			buildConfigurations = (
				17864CD71BB191F300A6242E /* Debug */,
				17864CD81BB191F300A6242E /* Release */,
			);
			defaultConfigurationIsVisible = 0;
		};
/* End XCConfigurationList section */
	};
	rootObject = 17864CA51BB191F300A6242E /* Project object */;
}
